
Microsoft Visual Studio Solution File, Format Version 12.00
# Visual Studio Version 17
VisualStudioVersion = 17.0.31903.59
MinimumVisualStudioVersion = 10.0.40219.1
Project("{9A19103F-16F7-4668-BE54-9A1E7A4F7556}") = "API", "API\API.csproj", "{CC5FC973-8434-4C25-B3F8-A1AC53452D84}"
EndProject
Project("{9A19103F-16F7-4668-BE54-9A1E7A4F7556}") = "Core", "Core\Core.csproj", "{46A18510-F608-4E01-92E9-CE3ED438B669}"
EndProject
Project("{9A19103F-16F7-4668-BE54-9A1E7A4F7556}") = "Repository", "Infrastructure\Repository.csproj", "{EA6B61A7-0FFD-4F8C-8E3F-FC608D2B356A}"
EndProject
Global
	GlobalSection(SolutionConfigurationPlatforms) = preSolution
		Debug|Any CPU = Debug|Any CPU
		Release|Any CPU = Release|Any CPU
	EndGlobalSection
	GlobalSection(ProjectConfigurationPlatforms) = postSolution
		{CC5FC973-8434-4C25-B3F8-A1AC53452D84}.Debug|Any CPU.ActiveCfg = Debug|Any CPU
		{CC5FC973-8434-4C25-B3F8-A1AC53452D84}.Debug|Any CPU.Build.0 = Debug|Any CPU
		{CC5FC973-8434-4C25-B3F8-A1AC53452D84}.Release|Any CPU.ActiveCfg = Release|Any CPU
		{CC5FC973-8434-4C25-B3F8-A1AC53452D84}.Release|Any CPU.Build.0 = Release|Any CPU
		{46A18510-F608-4E01-92E9-CE3ED438B669}.Debug|Any CPU.ActiveCfg = Debug|Any CPU
		{46A18510-F608-4E01-92E9-CE3ED438B669}.Debug|Any CPU.Build.0 = Debug|Any CPU
		{46A18510-F608-4E01-92E9-CE3ED438B669}.Release|Any CPU.ActiveCfg = Release|Any CPU
		{46A18510-F608-4E01-92E9-CE3ED438B669}.Release|Any CPU.Build.0 = Release|Any CPU
		{EA6B61A7-0FFD-4F8C-8E3F-FC608D2B356A}.Debug|Any CPU.ActiveCfg = Debug|Any CPU
		{EA6B61A7-0FFD-4F8C-8E3F-FC608D2B356A}.Debug|Any CPU.Build.0 = Debug|Any CPU
		{EA6B61A7-0FFD-4F8C-8E3F-FC608D2B356A}.Release|Any CPU.ActiveCfg = Release|Any CPU
		{EA6B61A7-0FFD-4F8C-8E3F-FC608D2B356A}.Release|Any CPU.Build.0 = Release|Any CPU
	EndGlobalSection
	GlobalSection(SolutionProperties) = preSolution
		HideSolutionNode = FALSE
	EndGlobalSection
EndGlobal
