
Microsoft Visual Studio Solution File, Format Version 12.00
# Visual Studio Version 17
VisualStudioVersion = 17.5.002.0
MinimumVisualStudioVersion = 10.0.40219.1
Project("{9A19103F-16F7-4668-BE54-9A1E7A4F7556}") = "API", "API.csproj", "{B051D561-6740-46FF-A164-62364908D165}"
EndProject
Global
	GlobalSection(SolutionConfigurationPlatforms) = preSolution
		Debug|Any CPU = Debug|Any CPU
		Release|Any CPU = Release|Any CPU
	EndGlobalSection
	GlobalSection(ProjectConfigurationPlatforms) = postSolution
		{B051D561-6740-46FF-A164-62364908D165}.Debug|Any CPU.ActiveCfg = Debug|Any CPU
		{B051D561-6740-46FF-A164-62364908D165}.Debug|Any CPU.Build.0 = Debug|Any CPU
		{B051D561-6740-46FF-A164-62364908D165}.Release|Any CPU.ActiveCfg = Release|Any CPU
		{B051D561-6740-46FF-A164-62364908D165}.Release|Any CPU.Build.0 = Release|Any CPU
	EndGlobalSection
	GlobalSection(SolutionProperties) = preSolution
		HideSolutionNode = FALSE
	EndGlobalSection
	GlobalSection(ExtensibilityGlobals) = postSolution
		SolutionGuid = {A4D2CEFA-40DD-4BC8-AD42-03B7AC1A683D}
	EndGlobalSection
EndGlobal
